dependencies:
- name: nginx
  repository: https://charts.bitnami.com/bitnami
  version: 8.8.4
- name: postgresql
  repository: https://charts.bitnami.com/bitnami
  version: 10.1.1
digest: sha256:386060b432509d7925e2d620559d44d0efbe869184049da1fc12cfd86b0b5550
generated: "2021-04-25T15:26:03.079993489Z"
